
Microsoft Visual Studio Solution File, Format Version 12.00
# Visual Studio Version 17
VisualStudioVersion = 17.0.31903.59
MinimumVisualStudioVersion = 10.0.40219.1
Project("{FAE04EC0-301F-11D3-BF4B-00C04F79EFBC}") = "ImageToPose.Desktop", "ImageToPose.Desktop\ImageToPose.Desktop.csproj", "{5743BCAB-E372-4B25-8F05-97B1085CA5EA}"
EndProject
Project("{FAE04EC0-301F-11D3-BF4B-00C04F79EFBC}") = "ImageToPose.Core", "ImageToPose.Core\ImageToPose.Core.csproj", "{1792E3D6-360D-4BB2-B683-32CB6950B637}"
EndProject
Project("{FAE04EC0-301F-11D3-BF4B-00C04F79EFBC}") = "ImageToPose.Tests", "ImageToPose.Tests\ImageToPose.Tests.csproj", "{29690572-EABB-42D2-AE69-504AB7C4542D}"
EndProject
Global
	GlobalSection(SolutionConfigurationPlatforms) = preSolution
		Debug|Any CPU = Debug|Any CPU
		Debug|x64 = Debug|x64
		Debug|x86 = Debug|x86
		Release|Any CPU = Release|Any CPU
		Release|x64 = Release|x64
		Release|x86 = Release|x86
	EndGlobalSection
	GlobalSection(ProjectConfigurationPlatforms) = postSolution
		{5743BCAB-E372-4B25-8F05-97B1085CA5EA}.Debug|Any CPU.ActiveCfg = Debug|Any CPU
		{5743BCAB-E372-4B25-8F05-97B1085CA5EA}.Debug|Any CPU.Build.0 = Debug|Any CPU
		{5743BCAB-E372-4B25-8F05-97B1085CA5EA}.Debug|x64.ActiveCfg = Debug|Any CPU
		{5743BCAB-E372-4B25-8F05-97B1085CA5EA}.Debug|x64.Build.0 = Debug|Any CPU
		{5743BCAB-E372-4B25-8F05-97B1085CA5EA}.Debug|x86.ActiveCfg = Debug|Any CPU
		{5743BCAB-E372-4B25-8F05-97B1085CA5EA}.Debug|x86.Build.0 = Debug|Any CPU
		{5743BCAB-E372-4B25-8F05-97B1085CA5EA}.Release|Any CPU.ActiveCfg = Release|Any CPU
		{5743BCAB-E372-4B25-8F05-97B1085CA5EA}.Release|Any CPU.Build.0 = Release|Any CPU
		{5743BCAB-E372-4B25-8F05-97B1085CA5EA}.Release|x64.ActiveCfg = Release|Any CPU
		{5743BCAB-E372-4B25-8F05-97B1085CA5EA}.Release|x64.Build.0 = Release|Any CPU
		{5743BCAB-E372-4B25-8F05-97B1085CA5EA}.Release|x86.ActiveCfg = Release|Any CPU
		{5743BCAB-E372-4B25-8F05-97B1085CA5EA}.Release|x86.Build.0 = Release|Any CPU
		{1792E3D6-360D-4BB2-B683-32CB6950B637}.Debug|Any CPU.ActiveCfg = Debug|Any CPU
		{1792E3D6-360D-4BB2-B683-32CB6950B637}.Debug|Any CPU.Build.0 = Debug|Any CPU
		{1792E3D6-360D-4BB2-B683-32CB6950B637}.Debug|x64.ActiveCfg = Debug|Any CPU
		{1792E3D6-360D-4BB2-B683-32CB6950B637}.Debug|x64.Build.0 = Debug|Any CPU
		{1792E3D6-360D-4BB2-B683-32CB6950B637}.Debug|x86.ActiveCfg = Debug|Any CPU
		{1792E3D6-360D-4BB2-B683-32CB6950B637}.Debug|x86.Build.0 = Debug|Any CPU
		{1792E3D6-360D-4BB2-B683-32CB6950B637}.Release|Any CPU.ActiveCfg = Release|Any CPU
		{1792E3D6-360D-4BB2-B683-32CB6950B637}.Release|Any CPU.Build.0 = Release|Any CPU
		{1792E3D6-360D-4BB2-B683-32CB6950B637}.Release|x64.ActiveCfg = Release|Any CPU
		{1792E3D6-360D-4BB2-B683-32CB6950B637}.Release|x64.Build.0 = Release|Any CPU
		{1792E3D6-360D-4BB2-B683-32CB6950B637}.Release|x86.ActiveCfg = Release|Any CPU
		{1792E3D6-360D-4BB2-B683-32CB6950B637}.Release|x86.Build.0 = Release|Any CPU
		{29690572-EABB-42D2-AE69-504AB7C4542D}.Debug|Any CPU.ActiveCfg = Debug|Any CPU
		{29690572-EABB-42D2-AE69-504AB7C4542D}.Debug|Any CPU.Build.0 = Debug|Any CPU
		{29690572-EABB-42D2-AE69-504AB7C4542D}.Debug|x64.ActiveCfg = Debug|Any CPU
		{29690572-EABB-42D2-AE69-504AB7C4542D}.Debug|x64.Build.0 = Debug|Any CPU
		{29690572-EABB-42D2-AE69-504AB7C4542D}.Debug|x86.ActiveCfg = Debug|Any CPU
		{29690572-EABB-42D2-AE69-504AB7C4542D}.Debug|x86.Build.0 = Debug|Any CPU
		{29690572-EABB-42D2-AE69-504AB7C4542D}.Release|Any CPU.ActiveCfg = Release|Any CPU
		{29690572-EABB-42D2-AE69-504AB7C4542D}.Release|Any CPU.Build.0 = Release|Any CPU
		{29690572-EABB-42D2-AE69-504AB7C4542D}.Release|x64.ActiveCfg = Release|Any CPU
		{29690572-EABB-42D2-AE69-504AB7C4542D}.Release|x64.Build.0 = Release|Any CPU
		{29690572-EABB-42D2-AE69-504AB7C4542D}.Release|x86.ActiveCfg = Release|Any CPU
		{29690572-EABB-42D2-AE69-504AB7C4542D}.Release|x86.Build.0 = Release|Any CPU
	EndGlobalSection
	GlobalSection(SolutionProperties) = preSolution
		HideSolutionNode = FALSE
	EndGlobalSection
EndGlobal
